// !$*UTF8*$!
{
	archiveVersion = 1;
	classes = {
	};
	objectVersion = 46;
	objects = {

/* Begin PBXBuildFile section */
		8136AF811E60911E0052E355 /* AppDelegate.swift in Sources */ = {isa = PBXBuildFile; fileRef = 8136AF801E60911E0052E355 /* AppDelegate.swift */; };
		8136AF861E60911E0052E355 /* Main.storyboard in Resources */ = {isa = PBXBuildFile; fileRef = 8136AF841E60911E0052E355 /* Main.storyboard */; };
		8136AF881E60911E0052E355 /* Assets.xcassets in Resources */ = {isa = PBXBuildFile; fileRef = 8136AF871E60911E0052E355 /* Assets.xcassets */; };
		8136AF8B1E60911E0052E355 /* LaunchScreen.storyboard in Resources */ = {isa = PBXBuildFile; fileRef = 8136AF891E60911E0052E355 /* LaunchScreen.storyboard */; };
		8136AF951E60912C0052E355 /* CloudKit.framework in Frameworks */ = {isa = PBXBuildFile; fileRef = 8136AF941E60912C0052E355 /* CloudKit.framework */; };
		8136AF9C1E6092C60052E355 /* ContactDetailViewController.swift in Sources */ = {isa = PBXBuildFile; fileRef = 8136AF9B1E6092C60052E355 /* ContactDetailViewController.swift */; };
		8136AF9E1E6092DC0052E355 /* ContactListTableViewController.swift in Sources */ = {isa = PBXBuildFile; fileRef = 8136AF9D1E6092DC0052E355 /* ContactListTableViewController.swift */; };
		8136AFA01E60941D0052E355 /* Contact.swift in Sources */ = {isa = PBXBuildFile; fileRef = 8136AF9F1E60941D0052E355 /* Contact.swift */; };
		8136AFA21E6094400052E355 /* ContactController.swift in Sources */ = {isa = PBXBuildFile; fileRef = 8136AFA11E6094400052E355 /* ContactController.swift */; };
/* End PBXBuildFile section */

/* Begin PBXFileReference section */
		8136AF7D1E60911E0052E355 /* Contacts.app */ = {isa = PBXFileReference; explicitFileType = wrapper.application; includeInIndex = 0; path = Contacts.app; sourceTree = BUILT_PRODUCTS_DIR; };
		8136AF801E60911E0052E355 /* AppDelegate.swift */ = {isa = PBXFileReference; lastKnownFileType = sourcecode.swift; path = AppDelegate.swift; sourceTree = "<group>"; };
		8136AF851E60911E0052E355 /* Base */ = {isa = PBXFileReference; lastKnownFileType = file.storyboard; name = Base; path = Base.lproj/Main.storyboard; sourceTree = "<group>"; };
		8136AF871E60911E0052E355 /* Assets.xcassets */ = {isa = PBXFileReference; lastKnownFileType = folder.assetcatalog; path = Assets.xcassets; sourceTree = "<group>"; };
		8136AF8A1E60911E0052E355 /* Base */ = {isa = PBXFileReference; lastKnownFileType = file.storyboard; name = Base; path = Base.lproj/LaunchScreen.storyboard; sourceTree = "<group>"; };
		8136AF8C1E60911E0052E355 /* Info.plist */ = {isa = PBXFileReference; lastKnownFileType = text.plist.xml; path = Info.plist; sourceTree = "<group>"; };
		8136AF921E60912A0052E355 /* Contacts.entitlements */ = {isa = PBXFileReference; lastKnownFileType = text.plist.entitlements; path = Contacts.entitlements; sourceTree = "<group>"; };
		8136AF941E60912C0052E355 /* CloudKit.framework */ = {isa = PBXFileReference; lastKnownFileType = wrapper.framework; name = CloudKit.framework; path = System/Library/Frameworks/CloudKit.framework; sourceTree = SDKROOT; };
		8136AF9B1E6092C60052E355 /* ContactDetailViewController.swift */ = {isa = PBXFileReference; fileEncoding = 4; lastKnownFileType = sourcecode.swift; path = ContactDetailViewController.swift; sourceTree = "<group>"; };
		8136AF9D1E6092DC0052E355 /* ContactListTableViewController.swift */ = {isa = PBXFileReference; fileEncoding = 4; lastKnownFileType = sourcecode.swift; path = ContactListTableViewController.swift; sourceTree = "<group>"; };
		8136AF9F1E60941D0052E355 /* Contact.swift */ = {isa = PBXFileReference; fileEncoding = 4; lastKnownFileType = sourcecode.swift; path = Contact.swift; sourceTree = "<group>"; };
		8136AFA11E6094400052E355 /* ContactController.swift */ = {isa = PBXFileReference; fileEncoding = 4; lastKnownFileType = sourcecode.swift; path = ContactController.swift; sourceTree = "<group>"; };
/* End PBXFileReference section */

/* Begin PBXFrameworksBuildPhase section */
		8136AF7A1E60911E0052E355 /* Frameworks */ = {
			isa = PBXFrameworksBuildPhase;
			buildActionMask = 2147483647;
			files = (
				8136AF951E60912C0052E355 /* CloudKit.framework in Frameworks */,
			);
			runOnlyForDeploymentPostprocessing = 0;
		};
/* End PBXFrameworksBuildPhase section */

/* Begin PBXGroup section */
		8136AF741E60911E0052E355 = {
			isa = PBXGroup;
			children = (
				8136AF7F1E60911E0052E355 /* Contacts */,
				8136AF961E6091550052E355 /* Resources */,
				8136AF7E1E60911E0052E355 /* Products */,
				8136AF931E60912C0052E355 /* Frameworks */,
			);
			sourceTree = "<group>";
		};
		8136AF7E1E60911E0052E355 /* Products */ = {
			isa = PBXGroup;
			children = (
				8136AF7D1E60911E0052E355 /* Contacts.app */,
			);
			name = Products;
			sourceTree = "<group>";
		};
		8136AF7F1E60911E0052E355 /* Contacts */ = {
			isa = PBXGroup;
			children = (
				8136AF801E60911E0052E355 /* AppDelegate.swift */,
				8136AF971E60916F0052E355 /* Storyboards */,
				8136AF9A1E6091760052E355 /* ViewControllers */,
				8136AF991E6091720052E355 /* ModelControllers */,
				8136AF981E6091700052E355 /* Models */,
			);
			path = Contacts;
			sourceTree = "<group>";
		};
		8136AF931E60912C0052E355 /* Frameworks */ = {
			isa = PBXGroup;
			children = (
				8136AF941E60912C0052E355 /* CloudKit.framework */,
			);
			name = Frameworks;
			sourceTree = "<group>";
		};
		8136AF961E6091550052E355 /* Resources */ = {
			isa = PBXGroup;
			children = (
				8136AF921E60912A0052E355 /* Contacts.entitlements */,
				8136AF871E60911E0052E355 /* Assets.xcassets */,
				8136AF8C1E60911E0052E355 /* Info.plist */,
			);
			name = Resources;
			path = Contacts;
			sourceTree = "<group>";
		};
		8136AF971E60916F0052E355 /* Storyboards */ = {
			isa = PBXGroup;
			children = (
				8136AF891E60911E0052E355 /* LaunchScreen.storyboard */,
				8136AF841E60911E0052E355 /* Main.storyboard */,
			);
			name = Storyboards;
			sourceTree = "<group>";
		};
		8136AF981E6091700052E355 /* Models */ = {
			isa = PBXGroup;
			children = (
				8136AF9F1E60941D0052E355 /* Contact.swift */,
			);
			name = Models;
			sourceTree = "<group>";
		};
		8136AF991E6091720052E355 /* ModelControllers */ = {
			isa = PBXGroup;
			children = (
				8136AFA11E6094400052E355 /* ContactController.swift */,
			);
			name = ModelControllers;
			sourceTree = "<group>";
		};
		8136AF9A1E6091760052E355 /* ViewControllers */ = {
			isa = PBXGroup;
			children = (
				8136AF9D1E6092DC0052E355 /* ContactListTableViewController.swift */,
				8136AF9B1E6092C60052E355 /* ContactDetailViewController.swift */,
			);
			name = ViewControllers;
			sourceTree = "<group>";
		};
/* End PBXGroup section */

/* Begin PBXNativeTarget section */
		8136AF7C1E60911E0052E355 /* Contacts */ = {
			isa = PBXNativeTarget;
			buildConfigurationList = 8136AF8F1E60911E0052E355 /* Build configuration list for PBXNativeTarget "Contacts" */;
			buildPhases = (
				8136AF791E60911E0052E355 /* Sources */,
				8136AF7A1E60911E0052E355 /* Frameworks */,
				8136AF7B1E60911E0052E355 /* Resources */,
			);
			buildRules = (
			);
			dependencies = (
			);
			name = Contacts;
			productName = Contacts;
			productReference = 8136AF7D1E60911E0052E355 /* Contacts.app */;
			productType = "com.apple.product-type.application";
		};
/* End PBXNativeTarget section */

/* Begin PBXProject section */
		8136AF751E60911E0052E355 /* Project object */ = {
			isa = PBXProject;
			attributes = {
				LastSwiftUpdateCheck = 0820;
				LastUpgradeCheck = 0820;
				ORGANIZATIONNAME = "Sterling Mortensen";
				TargetAttributes = {
					8136AF7C1E60911E0052E355 = {
						CreatedOnToolsVersion = 8.2.1;
						DevelopmentTeam = 5H73PY6T7Z;
						ProvisioningStyle = Automatic;
						SystemCapabilities = {
							com.apple.Push = {
								enabled = 1;
							};
							com.apple.iCloud = {
								enabled = 1;
							};
						};
					};
				};
			};
			buildConfigurationList = 8136AF781E60911E0052E355 /* Build configuration list for PBXProject "Contacts" */;
			compatibilityVersion = "Xcode 3.2";
			developmentRegion = English;
			hasScannedForEncodings = 0;
			knownRegions = (
				en,
				Base,
			);
			mainGroup = 8136AF741E60911E0052E355;
			productRefGroup = 8136AF7E1E60911E0052E355 /* Products */;
			projectDirPath = "";
			projectRoot = "";
			targets = (
				8136AF7C1E60911E0052E355 /* Contacts */,
			);
		};
/* End PBXProject section */

/* Begin PBXResourcesBuildPhase section */
		8136AF7B1E60911E0052E355 /* Resources */ = {
			isa = PBXResourcesBuildPhase;
			buildActionMask = 2147483647;
			files = (
				8136AF8B1E60911E0052E355 /* LaunchScreen.storyboard in Resources */,
				8136AF881E60911E0052E355 /* Assets.xcassets in Resources */,
				8136AF861E60911E0052E355 /* Main.storyboard in Resources */,
			);
			runOnlyForDeploymentPostprocessing = 0;
		};
/* End PBXResourcesBuildPhase section */

/* Begin PBXSourcesBuildPhase section */
		8136AF791E60911E0052E355 /* Sources */ = {
			isa = PBXSourcesBuildPhase;
			buildActionMask = 2147483647;
			files = (
				8136AFA01E60941D0052E355 /* Contact.swift in Sources */,
				8136AFA21E6094400052E355 /* ContactController.swift in Sources */,
				8136AF9E1E6092DC0052E355 /* ContactListTableViewController.swift in Sources */,
				8136AF9C1E6092C60052E355 /* ContactDetailViewController.swift in Sources */,
				8136AF811E60911E0052E355 /* AppDelegate.swift in Sources */,
			);
			runOnlyForDeploymentPostprocessing = 0;
		};
/* End PBXSourcesBuildPhase section */

/* Begin PBXVariantGroup section */
		8136AF841E60911E0052E355 /* Main.storyboard */ = {
			isa = PBXVariantGroup;
			children = (
				8136AF851E60911E0052E355 /* Base */,
			);
			name = Main.storyboard;
			sourceTree = "<group>";
		};
		8136AF891E60911E0052E355 /* LaunchScreen.storyboard */ = {
			isa = PBXVariantGroup;
			children = (
				8136AF8A1E60911E0052E355 /* Base */,
			);
			name = LaunchScreen.storyboard;
			sourceTree = "<group>";
		};
/* End PBXVariantGroup section */

/* Begin XCBuildConfiguration section */
		8136AF8D1E60911E0052E355 /* Debug */ = {
			isa = XCBuildConfiguration;
			buildSettings = {
				ALWAYS_SEARCH_USER_PATHS = NO;
				CLANG_ANALYZER_NONNULL = YES;
				CLANG_CXX_LANGUAGE_STANDARD = "gnu++0x";
				CLANG_CXX_LIBRARY = "libc++";
				CLANG_ENABLE_MODULES = YES;
				CLANG_ENABLE_OBJC_ARC = YES;
				CLANG_WARN_BOOL_CONVERSION = YES;
				CLANG_WARN_CONSTANT_CONVERSION = YES;
				CLANG_WARN_DIRECT_OBJC_ISA_USAGE = YES_ERROR;
				CLANG_WARN_DOCUMENTATION_COMMENTS = YES;
				CLANG_WARN_EMPTY_BODY = YES;
				CLANG_WARN_ENUM_CONVERSION = YES;
				CLANG_WARN_INFINITE_RECURSION = YES;
				CLANG_WARN_INT_CONVERSION = YES;
				CLANG_WARN_OBJC_ROOT_CLASS = YES_ERROR;
				CLANG_WARN_SUSPICIOUS_MOVE = YES;
				CLANG_WARN_UNREACHABLE_CODE = YES;
				CLANG_WARN__DUPLICATE_METHOD_MATCH = YES;
				"CODE_SIGN_IDENTITY[sdk=iphoneos*]" = "iPhone Developer";
				COPY_PHASE_STRIP = NO;
				DEBUG_INFORMATION_FORMAT = dwarf;
				ENABLE_STRICT_OBJC_MSGSEND = YES;
				ENABLE_TESTABILITY = YES;
				GCC_C_LANGUAGE_STANDARD = gnu99;
				GCC_DYNAMIC_NO_PIC = NO;
				GCC_NO_COMMON_BLOCKS = YES;
				GCC_OPTIMIZATION_LEVEL = 0;
				GCC_PREPROCESSOR_DEFINITIONS = (
					"DEBUG=1",
					"$(inherited)",
				);
				GCC_WARN_64_TO_32_BIT_CONVERSION = YES;
				GCC_WARN_ABOUT_RETURN_TYPE = YES_ERROR;
				GCC_WARN_UNDECLARED_SELECTOR = YES;
				GCC_WARN_UNINITIALIZED_AUTOS = YES_AGGRESSIVE;
				GCC_WARN_UNUSED_FUNCTION = YES;
				GCC_WARN_UNUSED_VARIABLE = YES;
				IPHONEOS_DEPLOYMENT_TARGET = 10.2;
				MTL_ENABLE_DEBUG_INFO = YES;
				ONLY_ACTIVE_ARCH = YES;
				SDKROOT = iphoneos;
				SWIFT_ACTIVE_COMPILATION_CONDITIONS = DEBUG;
				SWIFT_OPTIMIZATION_LEVEL = "-Onone";
				TARGETED_DEVICE_FAMILY = "1,2";
			};
			name = Debug;
		};
		8136AF8E1E60911E0052E355 /* Release */ = {
			isa = XCBuildConfiguration;
			buildSettings = {
				ALWAYS_SEARCH_USER_PATHS = NO;
				CLANG_ANALYZER_NONNULL = YES;
				CLANG_CXX_LANGUAGE_STANDARD = "gnu++0x";
				CLANG_CXX_LIBRARY = "libc++";
				CLANG_ENABLE_MODULES = YES;
				CLANG_ENABLE_OBJC_ARC = YES;
				CLANG_WARN_BOOL_CONVERSION = YES;
				CLANG_WARN_CONSTANT_CONVERSION = YES;
				CLANG_WARN_DIRECT_OBJC_ISA_USAGE = YES_ERROR;
				CLANG_WARN_DOCUMENTATION_COMMENTS = YES;
				CLANG_WARN_EMPTY_BODY = YES;
				CLANG_WARN_ENUM_CONVERSION = YES;
				CLANG_WARN_INFINITE_RECURSION = YES;
				CLANG_WARN_INT_CONVERSION = YES;
				CLANG_WARN_OBJC_ROOT_CLASS = YES_ERROR;
				CLANG_WARN_SUSPICIOUS_MOVE = YES;
				CLANG_WARN_UNREACHABLE_CODE = YES;
				CLANG_WARN__DUPLICATE_METHOD_MATCH = YES;
				"CODE_SIGN_IDENTITY[sdk=iphoneos*]" = "iPhone Developer";
				COPY_PHASE_STRIP = NO;
				DEBUG_INFORMATION_FORMAT = "dwarf-with-dsym";
				ENABLE_NS_ASSERTIONS = NO;
				ENABLE_STRICT_OBJC_MSGSEND = YES;
				GCC_C_LANGUAGE_STANDARD = gnu99;
				GCC_NO_COMMON_BLOCKS = YES;
				GCC_WARN_64_TO_32_BIT_CONVERSION = YES;
				GCC_WARN_ABOUT_RETURN_TYPE = YES_ERROR;
				GCC_WARN_UNDECLARED_SELECTOR = YES;
				GCC_WARN_UNINITIALIZED_AUTOS = YES_AGGRESSIVE;
				GCC_WARN_UNUSED_FUNCTION = YES;
				GCC_WARN_UNUSED_VARIABLE = YES;
				IPHONEOS_DEPLOYMENT_TARGET = 10.2;
				MTL_ENABLE_DEBUG_INFO = NO;
				SDKROOT = iphoneos;
				SWIFT_OPTIMIZATION_LEVEL = "-Owholemodule";
				TARGETED_DEVICE_FAMILY = "1,2";
				VALIDATE_PRODUCT = YES;
			};
			name = Release;
		};
		8136AF901E60911E0052E355 /* Debug */ = {
			isa = XCBuildConfiguration;
			buildSettings = {
				ASSETCATALOG_COMPILER_APPICON_NAME = AppIcon;
				CODE_SIGN_ENTITLEMENTS = Contacts/Contacts.entitlements;
				DEVELOPMENT_TEAM = 5H73PY6T7Z;
				INFOPLIST_FILE = Contacts/Info.plist;
				LD_RUNPATH_SEARCH_PATHS = "$(inherited) @executable_path/Frameworks";
				PRODUCT_BUNDLE_IDENTIFIER = com.SterlingMortensen.Contacts;
				PRODUCT_NAME = "$(TARGET_NAME)";
				SWIFT_VERSION = 3.0;
			};
			name = Debug;
		};
		8136AF911E60911E0052E355 /* Release */ = {
			isa = XCBuildConfiguration;
			buildSettings = {
				ASSETCATALOG_COMPILER_APPICON_NAME = AppIcon;
				CODE_SIGN_ENTITLEMENTS = Contacts/Contacts.entitlements;
				DEVELOPMENT_TEAM = 5H73PY6T7Z;
				INFOPLIST_FILE = Contacts/Info.plist;
				LD_RUNPATH_SEARCH_PATHS = "$(inherited) @executable_path/Frameworks";
				PRODUCT_BUNDLE_IDENTIFIER = com.SterlingMortensen.Contacts;
				PRODUCT_NAME = "$(TARGET_NAME)";
				SWIFT_VERSION = 3.0;
			};
			name = Release;
		};
/* End XCBuildConfiguration section */

/* Begin XCConfigurationList section */
		8136AF781E60911E0052E355 /* Build configuration list for PBXProject "Contacts" */ = {
			isa = XCConfigurationList;
			buildConfigurations = (
				8136AF8D1E60911E0052E355 /* Debug */,
				8136AF8E1E60911E0052E355 /* Release */,
			);
			defaultConfigurationIsVisible = 0;
			defaultConfigurationName = Release;
		};
		8136AF8F1E60911E0052E355 /* Build configuration list for PBXNativeTarget "Contacts" */ = {
			isa = XCConfigurationList;
			buildConfigurations = (
				8136AF901E60911E0052E355 /* Debug */,
				8136AF911E60911E0052E355 /* Release */,
			);
			defaultConfigurationIsVisible = 0;
		};
/* End XCConfigurationList section */
	};
	rootObject = 8136AF751E60911E0052E355 /* Project object */;
}
